
Microsoft Visual Studio Solution File, Format Version 12.00
# Visual Studio 15
VisualStudioVersion = 15.0.28307.779
MinimumVisualStudioVersion = 10.0.40219.1
Project("{FAE04EC0-301F-11D3-BF4B-00C04F79EFBC}") = "OpenCVtest", "OpenCVtest\OpenCVtest.csproj", "{FBC7C8CE-2C70-4314-BE49-0C4D9DDAEA01}"
EndProject
Global
	GlobalSection(SolutionConfigurationPlatforms) = preSolution
		Debug|Any CPU = Debug|Any CPU
		Release|Any CPU = Release|Any CPU
	EndGlobalSection
	GlobalSection(ProjectConfigurationPlatforms) = postSolution
		{FBC7C8CE-2C70-4314-BE49-0C4D9DDAEA01}.Debug|Any CPU.ActiveCfg = Debug|Any CPU
		{FBC7C8CE-2C70-4314-BE49-0C4D9DDAEA01}.Debug|Any CPU.Build.0 = Debug|Any CPU
		{FBC7C8CE-2C70-4314-BE49-0C4D9DDAEA01}.Release|Any CPU.ActiveCfg = Release|Any CPU
		{FBC7C8CE-2C70-4314-BE49-0C4D9DDAEA01}.Release|Any CPU.Build.0 = Release|Any CPU
	EndGlobalSection
	GlobalSection(SolutionProperties) = preSolution
		HideSolutionNode = FALSE
	EndGlobalSection
	GlobalSection(ExtensibilityGlobals) = postSolution
		SolutionGuid = {66883605-531A-4CB4-9E03-24B98FC5A2EE}
	EndGlobalSection
EndGlobal
